// !$*UTF8*$!
{
	archiveVersion = 1;
	classes = {
	};
	objectVersion = 56;
	objects = {

/* Begin PBXBuildFile section */
		D4859F772ADCFFB50021DB6A /* AppDelegate.swift in Sources */ = {isa = PBXBuildFile; fileRef = D4859F762ADCFFB50021DB6A /* AppDelegate.swift */; };
		D4859F792ADCFFB50021DB6A /* SceneDelegate.swift in Sources */ = {isa = PBXBuildFile; fileRef = D4859F782ADCFFB50021DB6A /* SceneDelegate.swift */; };
		D4859F7E2ADCFFB50021DB6A /* Main.storyboard in Resources */ = {isa = PBXBuildFile; fileRef = D4859F7C2ADCFFB50021DB6A /* Main.storyboard */; };
		D4859F802ADCFFB60021DB6A /* Assets.xcassets in Resources */ = {isa = PBXBuildFile; fileRef = D4859F7F2ADCFFB60021DB6A /* Assets.xcassets */; };
		D4859F832ADCFFB60021DB6A /* LaunchScreen.storyboard in Resources */ = {isa = PBXBuildFile; fileRef = D4859F812ADCFFB60021DB6A /* LaunchScreen.storyboard */; };
		D4859F8E2ADCFFB70021DB6A /* WiproPracticalTestTests.swift in Sources */ = {isa = PBXBuildFile; fileRef = D4859F8D2ADCFFB70021DB6A /* WiproPracticalTestTests.swift */; };
		D4859F982ADCFFB70021DB6A /* WiproPracticalTestUITests.swift in Sources */ = {isa = PBXBuildFile; fileRef = D4859F972ADCFFB70021DB6A /* WiproPracticalTestUITests.swift */; };
		D4859F9A2ADCFFB70021DB6A /* WiproPracticalTestUITestsLaunchTests.swift in Sources */ = {isa = PBXBuildFile; fileRef = D4859F992ADCFFB70021DB6A /* WiproPracticalTestUITestsLaunchTests.swift */; };
		D4859FAF2ADD34030021DB6A /* Alamofire in Frameworks */ = {isa = PBXBuildFile; productRef = D4859FAE2ADD34030021DB6A /* Alamofire */; };
		D4859FB22ADD39380021DB6A /* ProductModels.swift in Sources */ = {isa = PBXBuildFile; fileRef = D4859FB12ADD39380021DB6A /* ProductModels.swift */; };
		D4859FB42ADD39730021DB6A /* ProductListVC.swift in Sources */ = {isa = PBXBuildFile; fileRef = D4859FB32ADD39730021DB6A /* ProductListVC.swift */; };
		D4859FB72ADD39FB0021DB6A /* ServiceManager.swift in Sources */ = {isa = PBXBuildFile; fileRef = D4859FB62ADD39FB0021DB6A /* ServiceManager.swift */; };
		D4859FB92ADD3A4B0021DB6A /* CustomErrors.swift in Sources */ = {isa = PBXBuildFile; fileRef = D4859FB82ADD3A4B0021DB6A /* CustomErrors.swift */; };
		D4859FBB2ADD3B070021DB6A /* EndPointTypes.swift in Sources */ = {isa = PBXBuildFile; fileRef = D4859FBA2ADD3B070021DB6A /* EndPointTypes.swift */; };
		D4859FBD2ADD3B820021DB6A /* AddProductModel.swift in Sources */ = {isa = PBXBuildFile; fileRef = D4859FBC2ADD3B820021DB6A /* AddProductModel.swift */; };
		D4859FC12ADD41E70021DB6A /* ProductCell.swift in Sources */ = {isa = PBXBuildFile; fileRef = D4859FBF2ADD41E70021DB6A /* ProductCell.swift */; };
		D4859FC22ADD41E70021DB6A /* ProductCell.xib in Resources */ = {isa = PBXBuildFile; fileRef = D4859FC02ADD41E70021DB6A /* ProductCell.xib */; };
		D4859FC52ADD42B00021DB6A /* UIImageView+Extension.swift in Sources */ = {isa = PBXBuildFile; fileRef = D4859FC42ADD42B00021DB6A /* UIImageView+Extension.swift */; };
		D4859FC72ADD431F0021DB6A /* SDWebImage in Frameworks */ = {isa = PBXBuildFile; productRef = D4859FC62ADD431F0021DB6A /* SDWebImage */; };
		D4859FC92ADD46D40021DB6A /* ProductViewModel.swift in Sources */ = {isa = PBXBuildFile; fileRef = D4859FC82ADD46D40021DB6A /* ProductViewModel.swift */; };
		D4859FCB2ADD48E80021DB6A /* EventHandler.swift in Sources */ = {isa = PBXBuildFile; fileRef = D4859FCA2ADD48E80021DB6A /* EventHandler.swift */; };
		D4859FCD2ADD4C740021DB6A /* UIViewController+Extension.swift in Sources */ = {isa = PBXBuildFile; fileRef = D4859FCC2ADD4C740021DB6A /* UIViewController+Extension.swift */; };
/* End PBXBuildFile section */

/* Begin PBXContainerItemProxy section */
		D4859F8A2ADCFFB70021DB6A /* PBXContainerItemProxy */ = {
			isa = PBXContainerItemProxy;
			containerPortal = D4859F6B2ADCFFB50021DB6A /* Project object */;
			proxyType = 1;
			remoteGlobalIDString = D4859F722ADCFFB50021DB6A;
			remoteInfo = WiproPracticalTest;
		};
		D4859F942ADCFFB70021DB6A /* PBXContainerItemProxy */ = {
			isa = PBXContainerItemProxy;
			containerPortal = D4859F6B2ADCFFB50021DB6A /* Project object */;
			proxyType = 1;
			remoteGlobalIDString = D4859F722ADCFFB50021DB6A;
			remoteInfo = WiproPracticalTest;
		};
/* End PBXContainerItemProxy section */

/* Begin PBXFileReference section */
		D4859F732ADCFFB50021DB6A /* WiproPracticalTest.app */ = {isa = PBXFileReference; explicitFileType = wrapper.application; includeInIndex = 0; path = WiproPracticalTest.app; sourceTree = BUILT_PRODUCTS_DIR; };
		D4859F762ADCFFB50021DB6A /* AppDelegate.swift */ = {isa = PBXFileReference; lastKnownFileType = sourcecode.swift; path = AppDelegate.swift; sourceTree = "<group>"; };
		D4859F782ADCFFB50021DB6A /* SceneDelegate.swift */ = {isa = PBXFileReference; lastKnownFileType = sourcecode.swift; path = SceneDelegate.swift; sourceTree = "<group>"; };
		D4859F7D2ADCFFB50021DB6A /* Base */ = {isa = PBXFileReference; lastKnownFileType = file.storyboard; name = Base; path = Base.lproj/Main.storyboard; sourceTree = "<group>"; };
		D4859F7F2ADCFFB60021DB6A /* Assets.xcassets */ = {isa = PBXFileReference; lastKnownFileType = folder.assetcatalog; path = Assets.xcassets; sourceTree = "<group>"; };
		D4859F822ADCFFB60021DB6A /* Base */ = {isa = PBXFileReference; lastKnownFileType = file.storyboard; name = Base; path = Base.lproj/LaunchScreen.storyboard; sourceTree = "<group>"; };
		D4859F842ADCFFB60021DB6A /* Info.plist */ = {isa = PBXFileReference; lastKnownFileType = text.plist.xml; path = Info.plist; sourceTree = "<group>"; };
		D4859F892ADCFFB70021DB6A /* WiproPracticalTestTests.xctest */ = {isa = PBXFileReference; explicitFileType = wrapper.cfbundle; includeInIndex = 0; path = WiproPracticalTestTests.xctest; sourceTree = BUILT_PRODUCTS_DIR; };
		D4859F8D2ADCFFB70021DB6A /* WiproPracticalTestTests.swift */ = {isa = PBXFileReference; lastKnownFileType = sourcecode.swift; path = WiproPracticalTestTests.swift; sourceTree = "<group>"; };
		D4859F932ADCFFB70021DB6A /* WiproPracticalTestUITests.xctest */ = {isa = PBXFileReference; explicitFileType = wrapper.cfbundle; includeInIndex = 0; path = WiproPracticalTestUITests.xctest; sourceTree = BUILT_PRODUCTS_DIR; };
		D4859F972ADCFFB70021DB6A /* WiproPracticalTestUITests.swift */ = {isa = PBXFileReference; lastKnownFileType = sourcecode.swift; path = WiproPracticalTestUITests.swift; sourceTree = "<group>"; };
		D4859F992ADCFFB70021DB6A /* WiproPracticalTestUITestsLaunchTests.swift */ = {isa = PBXFileReference; lastKnownFileType = sourcecode.swift; path = WiproPracticalTestUITestsLaunchTests.swift; sourceTree = "<group>"; };
		D4859FB12ADD39380021DB6A /* ProductModels.swift */ = {isa = PBXFileReference; lastKnownFileType = sourcecode.swift; path = ProductModels.swift; sourceTree = "<group>"; };
		D4859FB32ADD39730021DB6A /* ProductListVC.swift */ = {isa = PBXFileReference; lastKnownFileType = sourcecode.swift; path = ProductListVC.swift; sourceTree = "<group>"; };
		D4859FB62ADD39FB0021DB6A /* ServiceManager.swift */ = {isa = PBXFileReference; lastKnownFileType = sourcecode.swift; path = ServiceManager.swift; sourceTree = "<group>"; };
		D4859FB82ADD3A4B0021DB6A /* CustomErrors.swift */ = {isa = PBXFileReference; lastKnownFileType = sourcecode.swift; path = CustomErrors.swift; sourceTree = "<group>"; };
		D4859FBA2ADD3B070021DB6A /* EndPointTypes.swift */ = {isa = PBXFileReference; lastKnownFileType = sourcecode.swift; path = EndPointTypes.swift; sourceTree = "<group>"; };
		D4859FBC2ADD3B820021DB6A /* AddProductModel.swift */ = {isa = PBXFileReference; lastKnownFileType = sourcecode.swift; path = AddProductModel.swift; sourceTree = "<group>"; };
		D4859FBF2ADD41E70021DB6A /* ProductCell.swift */ = {isa = PBXFileReference; lastKnownFileType = sourcecode.swift; path = ProductCell.swift; sourceTree = "<group>"; };
		D4859FC02ADD41E70021DB6A /* ProductCell.xib */ = {isa = PBXFileReference; lastKnownFileType = file.xib; path = ProductCell.xib; sourceTree = "<group>"; };
		D4859FC42ADD42B00021DB6A /* UIImageView+Extension.swift */ = {isa = PBXFileReference; lastKnownFileType = sourcecode.swift; path = "UIImageView+Extension.swift"; sourceTree = "<group>"; };
		D4859FC82ADD46D40021DB6A /* ProductViewModel.swift */ = {isa = PBXFileReference; lastKnownFileType = sourcecode.swift; path = ProductViewModel.swift; sourceTree = "<group>"; };
		D4859FCA2ADD48E80021DB6A /* EventHandler.swift */ = {isa = PBXFileReference; lastKnownFileType = sourcecode.swift; path = EventHandler.swift; sourceTree = "<group>"; };
		D4859FCC2ADD4C740021DB6A /* UIViewController+Extension.swift */ = {isa = PBXFileReference; lastKnownFileType = sourcecode.swift; path = "UIViewController+Extension.swift"; sourceTree = "<group>"; };
/* End PBXFileReference section */

/* Begin PBXFrameworksBuildPhase section */
		D4859F702ADCFFB50021DB6A /* Frameworks */ = {
			isa = PBXFrameworksBuildPhase;
			buildActionMask = 2147483647;
			files = (
				D4859FC72ADD431F0021DB6A /* SDWebImage in Frameworks */,
				D4859FAF2ADD34030021DB6A /* Alamofire in Frameworks */,
			);
			runOnlyForDeploymentPostprocessing = 0;
		};
		D4859F862ADCFFB70021DB6A /* Frameworks */ = {
			isa = PBXFrameworksBuildPhase;
			buildActionMask = 2147483647;
			files = (
			);
			runOnlyForDeploymentPostprocessing = 0;
		};
		D4859F902ADCFFB70021DB6A /* Frameworks */ = {
			isa = PBXFrameworksBuildPhase;
			buildActionMask = 2147483647;
			files = (
			);
			runOnlyForDeploymentPostprocessing = 0;
		};
/* End PBXFrameworksBuildPhase section */

/* Begin PBXGroup section */
		D4859F6A2ADCFFB50021DB6A = {
			isa = PBXGroup;
			children = (
				D4859F752ADCFFB50021DB6A /* WiproPracticalTest */,
				D4859F8C2ADCFFB70021DB6A /* WiproPracticalTestTests */,
				D4859F962ADCFFB70021DB6A /* WiproPracticalTestUITests */,
				D4859F742ADCFFB50021DB6A /* Products */,
			);
			sourceTree = "<group>";
		};
		D4859F742ADCFFB50021DB6A /* Products */ = {
			isa = PBXGroup;
			children = (
				D4859F732ADCFFB50021DB6A /* WiproPracticalTest.app */,
				D4859F892ADCFFB70021DB6A /* WiproPracticalTestTests.xctest */,
				D4859F932ADCFFB70021DB6A /* WiproPracticalTestUITests.xctest */,
			);
			name = Products;
			sourceTree = "<group>";
		};
		D4859F752ADCFFB50021DB6A /* WiproPracticalTest */ = {
			isa = PBXGroup;
			children = (
				D4859FA62ADCFFE80021DB6A /* Application */,
				D4859FC32ADD42570021DB6A /* Extensions */,
				D4859FB52ADD39D60021DB6A /* Helper */,
				D4859FAB2ADD00540021DB6A /* Model */,
				D4859FAA2ADD00430021DB6A /* Views */,
				D4859FAC2ADD00670021DB6A /* ViewModel */,
				D4859FA72ADCFFFF0021DB6A /* Storyboards */,
				D4859FA82ADD00200021DB6A /* Assets */,
				D4859FA92ADD00280021DB6A /* Supporting Files */,
			);
			path = WiproPracticalTest;
			sourceTree = "<group>";
		};
		D4859F8C2ADCFFB70021DB6A /* WiproPracticalTestTests */ = {
			isa = PBXGroup;
			children = (
				D4859F8D2ADCFFB70021DB6A /* WiproPracticalTestTests.swift */,
			);
			path = WiproPracticalTestTests;
			sourceTree = "<group>";
		};
		D4859F962ADCFFB70021DB6A /* WiproPracticalTestUITests */ = {
			isa = PBXGroup;
			children = (
				D4859F972ADCFFB70021DB6A /* WiproPracticalTestUITests.swift */,
				D4859F992ADCFFB70021DB6A /* WiproPracticalTestUITestsLaunchTests.swift */,
			);
			path = WiproPracticalTestUITests;
			sourceTree = "<group>";
		};
		D4859FA62ADCFFE80021DB6A /* Application */ = {
			isa = PBXGroup;
			children = (
				D4859F762ADCFFB50021DB6A /* AppDelegate.swift */,
				D4859F782ADCFFB50021DB6A /* SceneDelegate.swift */,
			);
			path = Application;
			sourceTree = "<group>";
		};
		D4859FA72ADCFFFF0021DB6A /* Storyboards */ = {
			isa = PBXGroup;
			children = (
				D4859F7C2ADCFFB50021DB6A /* Main.storyboard */,
				D4859F812ADCFFB60021DB6A /* LaunchScreen.storyboard */,
			);
			path = Storyboards;
			sourceTree = "<group>";
		};
		D4859FA82ADD00200021DB6A /* Assets */ = {
			isa = PBXGroup;
			children = (
				D4859F7F2ADCFFB60021DB6A /* Assets.xcassets */,
			);
			path = Assets;
			sourceTree = "<group>";
		};
		D4859FA92ADD00280021DB6A /* Supporting Files */ = {
			isa = PBXGroup;
			children = (
				D4859F842ADCFFB60021DB6A /* Info.plist */,
			);
			path = "Supporting Files";
			sourceTree = "<group>";
		};
		D4859FAA2ADD00430021DB6A /* Views */ = {
			isa = PBXGroup;
			children = (
				D4859FBE2ADD41B30021DB6A /* TableCell */,
				D4859FB32ADD39730021DB6A /* ProductListVC.swift */,
			);
			path = Views;
			sourceTree = "<group>";
		};
		D4859FAB2ADD00540021DB6A /* Model */ = {
			isa = PBXGroup;
			children = (
				D4859FB12ADD39380021DB6A /* ProductModels.swift */,
				D4859FBC2ADD3B820021DB6A /* AddProductModel.swift */,
			);
			path = Model;
			sourceTree = "<group>";
		};
		D4859FAC2ADD00670021DB6A /* ViewModel */ = {
			isa = PBXGroup;
			children = (
				D4859FC82ADD46D40021DB6A /* ProductViewModel.swift */,
			);
			path = ViewModel;
			sourceTree = "<group>";
		};
		D4859FB52ADD39D60021DB6A /* Helper */ = {
			isa = PBXGroup;
			children = (
				D4859FB82ADD3A4B0021DB6A /* CustomErrors.swift */,
				D4859FB62ADD39FB0021DB6A /* ServiceManager.swift */,
				D4859FBA2ADD3B070021DB6A /* EndPointTypes.swift */,
				D4859FCA2ADD48E80021DB6A /* EventHandler.swift */,
			);
			path = Helper;
			sourceTree = "<group>";
		};
		D4859FBE2ADD41B30021DB6A /* TableCell */ = {
			isa = PBXGroup;
			children = (
				D4859FBF2ADD41E70021DB6A /* ProductCell.swift */,
				D4859FC02ADD41E70021DB6A /* ProductCell.xib */,
			);
			path = TableCell;
			sourceTree = "<group>";
		};
		D4859FC32ADD42570021DB6A /* Extensions */ = {
			isa = PBXGroup;
			children = (
				D4859FC42ADD42B00021DB6A /* UIImageView+Extension.swift */,
				D4859FCC2ADD4C740021DB6A /* UIViewController+Extension.swift */,
			);
			path = Extensions;
			sourceTree = "<group>";
		};
/* End PBXGroup section */

/* Begin PBXNativeTarget section */
		D4859F722ADCFFB50021DB6A /* WiproPracticalTest */ = {
			isa = PBXNativeTarget;
			buildConfigurationList = D4859F9D2ADCFFB70021DB6A /* Build configuration list for PBXNativeTarget "WiproPracticalTest" */;
			buildPhases = (
				D4859F6F2ADCFFB50021DB6A /* Sources */,
				D4859F702ADCFFB50021DB6A /* Frameworks */,
				D4859F712ADCFFB50021DB6A /* Resources */,
			);
			buildRules = (
			);
			dependencies = (
			);
			name = WiproPracticalTest;
			packageProductDependencies = (
				D4859FAE2ADD34030021DB6A /* Alamofire */,
				D4859FC62ADD431F0021DB6A /* SDWebImage */,
			);
			productName = WiproPracticalTest;
			productReference = D4859F732ADCFFB50021DB6A /* WiproPracticalTest.app */;
			productType = "com.apple.product-type.application";
		};
		D4859F882ADCFFB70021DB6A /* WiproPracticalTestTests */ = {
			isa = PBXNativeTarget;
			buildConfigurationList = D4859FA02ADCFFB70021DB6A /* Build configuration list for PBXNativeTarget "WiproPracticalTestTests" */;
			buildPhases = (
				D4859F852ADCFFB70021DB6A /* Sources */,
				D4859F862ADCFFB70021DB6A /* Frameworks */,
				D4859F872ADCFFB70021DB6A /* Resources */,
			);
			buildRules = (
			);
			dependencies = (
				D4859F8B2ADCFFB70021DB6A /* PBXTargetDependency */,
			);
			name = WiproPracticalTestTests;
			productName = WiproPracticalTestTests;
			productReference = D4859F892ADCFFB70021DB6A /* WiproPracticalTestTests.xctest */;
			productType = "com.apple.product-type.bundle.unit-test";
		};
		D4859F922ADCFFB70021DB6A /* WiproPracticalTestUITests */ = {
			isa = PBXNativeTarget;
			buildConfigurationList = D4859FA32ADCFFB70021DB6A /* Build configuration list for PBXNativeTarget "WiproPracticalTestUITests" */;
			buildPhases = (
				D4859F8F2ADCFFB70021DB6A /* Sources */,
				D4859F902ADCFFB70021DB6A /* Frameworks */,
				D4859F912ADCFFB70021DB6A /* Resources */,
			);
			buildRules = (
			);
			dependencies = (
				D4859F952ADCFFB70021DB6A /* PBXTargetDependency */,
			);
			name = WiproPracticalTestUITests;
			productName = WiproPracticalTestUITests;
			productReference = D4859F932ADCFFB70021DB6A /* WiproPracticalTestUITests.xctest */;
			productType = "com.apple.product-type.bundle.ui-testing";
		};
/* End PBXNativeTarget section */

/* Begin PBXProject section */
		D4859F6B2ADCFFB50021DB6A /* Project object */ = {
			isa = PBXProject;
			attributes = {
				BuildIndependentTargetsInParallel = 1;
				LastSwiftUpdateCheck = 1500;
				LastUpgradeCheck = 1500;
				TargetAttributes = {
					D4859F722ADCFFB50021DB6A = {
						CreatedOnToolsVersion = 15.0;
					};
					D4859F882ADCFFB70021DB6A = {
						CreatedOnToolsVersion = 15.0;
						TestTargetID = D4859F722ADCFFB50021DB6A;
					};
					D4859F922ADCFFB70021DB6A = {
						CreatedOnToolsVersion = 15.0;
						TestTargetID = D4859F722ADCFFB50021DB6A;
					};
				};
			};
			buildConfigurationList = D4859F6E2ADCFFB50021DB6A /* Build configuration list for PBXProject "WiproPracticalTest" */;
			compatibilityVersion = "Xcode 14.0";
			developmentRegion = en;
			hasScannedForEncodings = 0;
			knownRegions = (
				en,
				Base,
			);
			mainGroup = D4859F6A2ADCFFB50021DB6A;
			packageReferences = (
				D4859FAD2ADD34030021DB6A /* XCRemoteSwiftPackageReference "Alamofire" */,
				D4859FB02ADD34210021DB6A /* XCRemoteSwiftPackageReference "SDWebImage" */,
			);
			productRefGroup = D4859F742ADCFFB50021DB6A /* Products */;
			projectDirPath = "";
			projectRoot = "";
			targets = (
				D4859F722ADCFFB50021DB6A /* WiproPracticalTest */,
				D4859F882ADCFFB70021DB6A /* WiproPracticalTestTests */,
				D4859F922ADCFFB70021DB6A /* WiproPracticalTestUITests */,
			);
		};
/* End PBXProject section */

/* Begin PBXResourcesBuildPhase section */
		D4859F712ADCFFB50021DB6A /* Resources */ = {
			isa = PBXResourcesBuildPhase;
			buildActionMask = 2147483647;
			files = (
				D4859F832ADCFFB60021DB6A /* LaunchScreen.storyboard in Resources */,
				D4859FC22ADD41E70021DB6A /* ProductCell.xib in Resources */,
				D4859F802ADCFFB60021DB6A /* Assets.xcassets in Resources */,
				D4859F7E2ADCFFB50021DB6A /* Main.storyboard in Resources */,
			);
			runOnlyForDeploymentPostprocessing = 0;
		};
		D4859F872ADCFFB70021DB6A /* Resources */ = {
			isa = PBXResourcesBuildPhase;
			buildActionMask = 2147483647;
			files = (
			);
			runOnlyForDeploymentPostprocessing = 0;
		};
		D4859F912ADCFFB70021DB6A /* Resources */ = {
			isa = PBXResourcesBuildPhase;
			buildActionMask = 2147483647;
			files = (
			);
			runOnlyForDeploymentPostprocessing = 0;
		};
/* End PBXResourcesBuildPhase section */

/* Begin PBXSourcesBuildPhase section */
		D4859F6F2ADCFFB50021DB6A /* Sources */ = {
			isa = PBXSourcesBuildPhase;
			buildActionMask = 2147483647;
			files = (
				D4859FB92ADD3A4B0021DB6A /* CustomErrors.swift in Sources */,
				D4859FCD2ADD4C740021DB6A /* UIViewController+Extension.swift in Sources */,
				D4859FB42ADD39730021DB6A /* ProductListVC.swift in Sources */,
				D4859FC92ADD46D40021DB6A /* ProductViewModel.swift in Sources */,
				D4859FBD2ADD3B820021DB6A /* AddProductModel.swift in Sources */,
				D4859FCB2ADD48E80021DB6A /* EventHandler.swift in Sources */,
				D4859F772ADCFFB50021DB6A /* AppDelegate.swift in Sources */,
				D4859FBB2ADD3B070021DB6A /* EndPointTypes.swift in Sources */,
				D4859F792ADCFFB50021DB6A /* SceneDelegate.swift in Sources */,
				D4859FC52ADD42B00021DB6A /* UIImageView+Extension.swift in Sources */,
				D4859FC12ADD41E70021DB6A /* ProductCell.swift in Sources */,
				D4859FB22ADD39380021DB6A /* ProductModels.swift in Sources */,
				D4859FB72ADD39FB0021DB6A /* ServiceManager.swift in Sources */,
			);
			runOnlyForDeploymentPostprocessing = 0;
		};
		D4859F852ADCFFB70021DB6A /* Sources */ = {
			isa = PBXSourcesBuildPhase;
			buildActionMask = 2147483647;
			files = (
				D4859F8E2ADCFFB70021DB6A /* WiproPracticalTestTests.swift in Sources */,
			);
			runOnlyForDeploymentPostprocessing = 0;
		};
		D4859F8F2ADCFFB70021DB6A /* Sources */ = {
			isa = PBXSourcesBuildPhase;
			buildActionMask = 2147483647;
			files = (
				D4859F9A2ADCFFB70021DB6A /* WiproPracticalTestUITestsLaunchTests.swift in Sources */,
				D4859F982ADCFFB70021DB6A /* WiproPracticalTestUITests.swift in Sources */,
			);
			runOnlyForDeploymentPostprocessing = 0;
		};
/* End PBXSourcesBuildPhase section */

/* Begin PBXTargetDependency section */
		D4859F8B2ADCFFB70021DB6A /* PBXTargetDependency */ = {
			isa = PBXTargetDependency;
			target = D4859F722ADCFFB50021DB6A /* WiproPracticalTest */;
			targetProxy = D4859F8A2ADCFFB70021DB6A /* PBXContainerItemProxy */;
		};
		D4859F952ADCFFB70021DB6A /* PBXTargetDependency */ = {
			isa = PBXTargetDependency;
			target = D4859F722ADCFFB50021DB6A /* WiproPracticalTest */;
			targetProxy = D4859F942ADCFFB70021DB6A /* PBXContainerItemProxy */;
		};
/* End PBXTargetDependency section */

/* Begin PBXVariantGroup section */
		D4859F7C2ADCFFB50021DB6A /* Main.storyboard */ = {
			isa = PBXVariantGroup;
			children = (
				D4859F7D2ADCFFB50021DB6A /* Base */,
			);
			name = Main.storyboard;
			sourceTree = "<group>";
		};
		D4859F812ADCFFB60021DB6A /* LaunchScreen.storyboard */ = {
			isa = PBXVariantGroup;
			children = (
				D4859F822ADCFFB60021DB6A /* Base */,
			);
			name = LaunchScreen.storyboard;
			sourceTree = "<group>";
		};
/* End PBXVariantGroup section */

/* Begin XCBuildConfiguration section */
		D4859F9B2ADCFFB70021DB6A /* Debug */ = {
			isa = XCBuildConfiguration;
			buildSettings = {
				ALWAYS_SEARCH_USER_PATHS = NO;
				ASSETCATALOG_COMPILER_GENERATE_SWIFT_ASSET_SYMBOL_EXTENSIONS = YES;
				CLANG_ANALYZER_NONNULL = YES;
				CLANG_ANALYZER_NUMBER_OBJECT_CONVERSION = YES_AGGRESSIVE;
				CLANG_CXX_LANGUAGE_STANDARD = "gnu++20";
				CLANG_ENABLE_MODULES = YES;
				CLANG_ENABLE_OBJC_ARC = YES;
				CLANG_ENABLE_OBJC_WEAK = YES;
				CLANG_WARN_BLOCK_CAPTURE_AUTORELEASING = YES;
				CLANG_WARN_BOOL_CONVERSION = YES;
				CLANG_WARN_COMMA = YES;
				CLANG_WARN_CONSTANT_CONVERSION = YES;
				CLANG_WARN_DEPRECATED_OBJC_IMPLEMENTATIONS = YES;
				CLANG_WARN_DIRECT_OBJC_ISA_USAGE = YES_ERROR;
				CLANG_WARN_DOCUMENTATION_COMMENTS = YES;
				CLANG_WARN_EMPTY_BODY = YES;
				CLANG_WARN_ENUM_CONVERSION = YES;
				CLANG_WARN_INFINITE_RECURSION = YES;
				CLANG_WARN_INT_CONVERSION = YES;
				CLANG_WARN_NON_LITERAL_NULL_CONVERSION = YES;
				CLANG_WARN_OBJC_IMPLICIT_RETAIN_SELF = YES;
				CLANG_WARN_OBJC_LITERAL_CONVERSION = YES;
				CLANG_WARN_OBJC_ROOT_CLASS = YES_ERROR;
				CLANG_WARN_QUOTED_INCLUDE_IN_FRAMEWORK_HEADER = YES;
				CLANG_WARN_RANGE_LOOP_ANALYSIS = YES;
				CLANG_WARN_STRICT_PROTOTYPES = YES;
				CLANG_WARN_SUSPICIOUS_MOVE = YES;
				CLANG_WARN_UNGUARDED_AVAILABILITY = YES_AGGRESSIVE;
				CLANG_WARN_UNREACHABLE_CODE = YES;
				CLANG_WARN__DUPLICATE_METHOD_MATCH = YES;
				COPY_PHASE_STRIP = NO;
				DEBUG_INFORMATION_FORMAT = dwarf;
				ENABLE_STRICT_OBJC_MSGSEND = YES;
				ENABLE_TESTABILITY = YES;
				ENABLE_USER_SCRIPT_SANDBOXING = YES;
				GCC_C_LANGUAGE_STANDARD = gnu17;
				GCC_DYNAMIC_NO_PIC = NO;
				GCC_NO_COMMON_BLOCKS = YES;
				GCC_OPTIMIZATION_LEVEL = 0;
				GCC_PREPROCESSOR_DEFINITIONS = (
					"DEBUG=1",
					"$(inherited)",
				);
				GCC_WARN_64_TO_32_BIT_CONVERSION = YES;
				GCC_WARN_ABOUT_RETURN_TYPE = YES_ERROR;
				GCC_WARN_UNDECLARED_SELECTOR = YES;
				GCC_WARN_UNINITIALIZED_AUTOS = YES_AGGRESSIVE;
				GCC_WARN_UNUSED_FUNCTION = YES;
				GCC_WARN_UNUSED_VARIABLE = YES;
				IPHONEOS_DEPLOYMENT_TARGET = 17.0;
				LOCALIZATION_PREFERS_STRING_CATALOGS = YES;
				MTL_ENABLE_DEBUG_INFO = INCLUDE_SOURCE;
				MTL_FAST_MATH = YES;
				ONLY_ACTIVE_ARCH = YES;
				SDKROOT = iphoneos;
				SWIFT_ACTIVE_COMPILATION_CONDITIONS = "DEBUG $(inherited)";
				SWIFT_OPTIMIZATION_LEVEL = "-Onone";
			};
			name = Debug;
		};
		D4859F9C2ADCFFB70021DB6A /* Release */ = {
			isa = XCBuildConfiguration;
			buildSettings = {
				ALWAYS_SEARCH_USER_PATHS = NO;
				ASSETCATALOG_COMPILER_GENERATE_SWIFT_ASSET_SYMBOL_EXTENSIONS = YES;
				CLANG_ANALYZER_NONNULL = YES;
				CLANG_ANALYZER_NUMBER_OBJECT_CONVERSION = YES_AGGRESSIVE;
				CLANG_CXX_LANGUAGE_STANDARD = "gnu++20";
				CLANG_ENABLE_MODULES = YES;
				CLANG_ENABLE_OBJC_ARC = YES;
				CLANG_ENABLE_OBJC_WEAK = YES;
				CLANG_WARN_BLOCK_CAPTURE_AUTORELEASING = YES;
				CLANG_WARN_BOOL_CONVERSION = YES;
				CLANG_WARN_COMMA = YES;
				CLANG_WARN_CONSTANT_CONVERSION = YES;
				CLANG_WARN_DEPRECATED_OBJC_IMPLEMENTATIONS = YES;
				CLANG_WARN_DIRECT_OBJC_ISA_USAGE = YES_ERROR;
				CLANG_WARN_DOCUMENTATION_COMMENTS = YES;
				CLANG_WARN_EMPTY_BODY = YES;
				CLANG_WARN_ENUM_CONVERSION = YES;
				CLANG_WARN_INFINITE_RECURSION = YES;
				CLANG_WARN_INT_CONVERSION = YES;
				CLANG_WARN_NON_LITERAL_NULL_CONVERSION = YES;
				CLANG_WARN_OBJC_IMPLICIT_RETAIN_SELF = YES;
				CLANG_WARN_OBJC_LITERAL_CONVERSION = YES;
				CLANG_WARN_OBJC_ROOT_CLASS = YES_ERROR;
				CLANG_WARN_QUOTED_INCLUDE_IN_FRAMEWORK_HEADER = YES;
				CLANG_WARN_RANGE_LOOP_ANALYSIS = YES;
				CLANG_WARN_STRICT_PROTOTYPES = YES;
				CLANG_WARN_SUSPICIOUS_MOVE = YES;
				CLANG_WARN_UNGUARDED_AVAILABILITY = YES_AGGRESSIVE;
				CLANG_WARN_UNREACHABLE_CODE = YES;
				CLANG_WARN__DUPLICATE_METHOD_MATCH = YES;
				COPY_PHASE_STRIP = NO;
				DEBUG_INFORMATION_FORMAT = "dwarf-with-dsym";
				ENABLE_NS_ASSERTIONS = NO;
				ENABLE_STRICT_OBJC_MSGSEND = YES;
				ENABLE_USER_SCRIPT_SANDBOXING = YES;
				GCC_C_LANGUAGE_STANDARD = gnu17;
				GCC_NO_COMMON_BLOCKS = YES;
				GCC_WARN_64_TO_32_BIT_CONVERSION = YES;
				GCC_WARN_ABOUT_RETURN_TYPE = YES_ERROR;
				GCC_WARN_UNDECLARED_SELECTOR = YES;
				GCC_WARN_UNINITIALIZED_AUTOS = YES_AGGRESSIVE;
				GCC_WARN_UNUSED_FUNCTION = YES;
				GCC_WARN_UNUSED_VARIABLE = YES;
				IPHONEOS_DEPLOYMENT_TARGET = 17.0;
				LOCALIZATION_PREFERS_STRING_CATALOGS = YES;
				MTL_ENABLE_DEBUG_INFO = NO;
				MTL_FAST_MATH = YES;
				SDKROOT = iphoneos;
				SWIFT_COMPILATION_MODE = wholemodule;
				VALIDATE_PRODUCT = YES;
			};
			name = Release;
		};
		D4859F9E2ADCFFB70021DB6A /* Debug */ = {
			isa = XCBuildConfiguration;
			buildSettings = {
				ASSETCATALOG_COMPILER_APPICON_NAME = AppIcon;
				ASSETCATALOG_COMPILER_GLOBAL_ACCENT_COLOR_NAME = AccentColor;
				CODE_SIGN_STYLE = Automatic;
				CURRENT_PROJECT_VERSION = 1;
				DEVELOPMENT_TEAM = RL6B9384U4;
				GENERATE_INFOPLIST_FILE = YES;
				INFOPLIST_FILE = "WiproPracticalTest/Supporting Files/Info.plist";
				INFOPLIST_KEY_UIApplicationSupportsIndirectInputEvents = YES;
				INFOPLIST_KEY_UILaunchStoryboardName = LaunchScreen;
				INFOPLIST_KEY_UIMainStoryboardFile = Main;
				INFOPLIST_KEY_UISupportedInterfaceOrientations_iPad = "UIInterfaceOrientationPortrait UIInterfaceOrientationPortraitUpsideDown UIInterfaceOrientationLandscapeLeft UIInterfaceOrientationLandscapeRight";
				INFOPLIST_KEY_UISupportedInterfaceOrientations_iPhone = "UIInterfaceOrientationPortrait UIInterfaceOrientationLandscapeLeft UIInterfaceOrientationLandscapeRight";
				LD_RUNPATH_SEARCH_PATHS = (
					"$(inherited)",
					"@executable_path/Frameworks",
				);
				MARKETING_VERSION = 1.0;
				PRODUCT_BUNDLE_IDENTIFIER = com.work.WiproPracticalTest;
				PRODUCT_NAME = "$(TARGET_NAME)";
				SWIFT_EMIT_LOC_STRINGS = YES;
				SWIFT_VERSION = 5.0;
				TARGETED_DEVICE_FAMILY = "1,2";
			};
			name = Debug;
		};
		D4859F9F2ADCFFB70021DB6A /* Release */ = {
			isa = XCBuildConfiguration;
			buildSettings = {
				ASSETCATALOG_COMPILER_APPICON_NAME = AppIcon;
				ASSETCATALOG_COMPILER_GLOBAL_ACCENT_COLOR_NAME = AccentColor;
				CODE_SIGN_STYLE = Automatic;
				CURRENT_PROJECT_VERSION = 1;
				DEVELOPMENT_TEAM = RL6B9384U4;
				GENERATE_INFOPLIST_FILE = YES;
				INFOPLIST_FILE = "WiproPracticalTest/Supporting Files/Info.plist";
				INFOPLIST_KEY_UIApplicationSupportsIndirectInputEvents = YES;
				INFOPLIST_KEY_UILaunchStoryboardName = LaunchScreen;
				INFOPLIST_KEY_UIMainStoryboardFile = Main;
				INFOPLIST_KEY_UISupportedInterfaceOrientations_iPad = "UIInterfaceOrientationPortrait UIInterfaceOrientationPortraitUpsideDown UIInterfaceOrientationLandscapeLeft UIInterfaceOrientationLandscapeRight";
				INFOPLIST_KEY_UISupportedInterfaceOrientations_iPhone = "UIInterfaceOrientationPortrait UIInterfaceOrientationLandscapeLeft UIInterfaceOrientationLandscapeRight";
				LD_RUNPATH_SEARCH_PATHS = (
					"$(inherited)",
					"@executable_path/Frameworks",
				);
				MARKETING_VERSION = 1.0;
				PRODUCT_BUNDLE_IDENTIFIER = com.work.WiproPracticalTest;
				PRODUCT_NAME = "$(TARGET_NAME)";
				SWIFT_EMIT_LOC_STRINGS = YES;
				SWIFT_VERSION = 5.0;
				TARGETED_DEVICE_FAMILY = "1,2";
			};
			name = Release;
		};
		D4859FA12ADCFFB70021DB6A /* Debug */ = {
			isa = XCBuildConfiguration;
			buildSettings = {
				ALWAYS_EMBED_SWIFT_STANDARD_LIBRARIES = YES;
				BUNDLE_LOADER = "$(TEST_HOST)";
				CODE_SIGN_STYLE = Automatic;
				CURRENT_PROJECT_VERSION = 1;
				DEVELOPMENT_TEAM = RL6B9384U4;
				GENERATE_INFOPLIST_FILE = YES;
				IPHONEOS_DEPLOYMENT_TARGET = 17.0;
				MARKETING_VERSION = 1.0;
				PRODUCT_BUNDLE_IDENTIFIER = com.work.WiproPracticalTestTests;
				PRODUCT_NAME = "$(TARGET_NAME)";
				SWIFT_EMIT_LOC_STRINGS = NO;
				SWIFT_VERSION = 5.0;
				TARGETED_DEVICE_FAMILY = "1,2";
				TEST_HOST = "$(BUILT_PRODUCTS_DIR)/WiproPracticalTest.app/$(BUNDLE_EXECUTABLE_FOLDER_PATH)/WiproPracticalTest";
			};
			name = Debug;
		};
		D4859FA22ADCFFB70021DB6A /* Release */ = {
			isa = XCBuildConfiguration;
			buildSettings = {
				ALWAYS_EMBED_SWIFT_STANDARD_LIBRARIES = YES;
				BUNDLE_LOADER = "$(TEST_HOST)";
				CODE_SIGN_STYLE = Automatic;
				CURRENT_PROJECT_VERSION = 1;
				DEVELOPMENT_TEAM = RL6B9384U4;
				GENERATE_INFOPLIST_FILE = YES;
				IPHONEOS_DEPLOYMENT_TARGET = 17.0;
				MARKETING_VERSION = 1.0;
				PRODUCT_BUNDLE_IDENTIFIER = com.work.WiproPracticalTestTests;
				PRODUCT_NAME = "$(TARGET_NAME)";
				SWIFT_EMIT_LOC_STRINGS = NO;
				SWIFT_VERSION = 5.0;
				TARGETED_DEVICE_FAMILY = "1,2";
				TEST_HOST = "$(BUILT_PRODUCTS_DIR)/WiproPracticalTest.app/$(BUNDLE_EXECUTABLE_FOLDER_PATH)/WiproPracticalTest";
			};
			name = Release;
		};
		D4859FA42ADCFFB70021DB6A /* Debug */ = {
			isa = XCBuildConfiguration;
			buildSettings = {
				ALWAYS_EMBED_SWIFT_STANDARD_LIBRARIES = YES;
				CODE_SIGN_STYLE = Automatic;
				CURRENT_PROJECT_VERSION = 1;
				DEVELOPMENT_TEAM = RL6B9384U4;
				GENERATE_INFOPLIST_FILE = YES;
				MARKETING_VERSION = 1.0;
				PRODUCT_BUNDLE_IDENTIFIER = com.work.WiproPracticalTestUITests;
				PRODUCT_NAME = "$(TARGET_NAME)";
				SWIFT_EMIT_LOC_STRINGS = NO;
				SWIFT_VERSION = 5.0;
				TARGETED_DEVICE_FAMILY = "1,2";
				TEST_TARGET_NAME = WiproPracticalTest;
			};
			name = Debug;
		};
		D4859FA52ADCFFB70021DB6A /* Release */ = {
			isa = XCBuildConfiguration;
			buildSettings = {
				ALWAYS_EMBED_SWIFT_STANDARD_LIBRARIES = YES;
				CODE_SIGN_STYLE = Automatic;
				CURRENT_PROJECT_VERSION = 1;
				DEVELOPMENT_TEAM = RL6B9384U4;
				GENERATE_INFOPLIST_FILE = YES;
				MARKETING_VERSION = 1.0;
				PRODUCT_BUNDLE_IDENTIFIER = com.work.WiproPracticalTestUITests;
				PRODUCT_NAME = "$(TARGET_NAME)";
				SWIFT_EMIT_LOC_STRINGS = NO;
				SWIFT_VERSION = 5.0;
				TARGETED_DEVICE_FAMILY = "1,2";
				TEST_TARGET_NAME = WiproPracticalTest;
			};
			name = Release;
		};
/* End XCBuildConfiguration section */

/* Begin XCConfigurationList section */
		D4859F6E2ADCFFB50021DB6A /* Build configuration list for PBXProject "WiproPracticalTest" */ = {
			isa = XCConfigurationList;
			buildConfigurations = (
				D4859F9B2ADCFFB70021DB6A /* Debug */,
				D4859F9C2ADCFFB70021DB6A /* Release */,
			);
			defaultConfigurationIsVisible = 0;
			defaultConfigurationName = Release;
		};
		D4859F9D2ADCFFB70021DB6A /* Build configuration list for PBXNativeTarget "WiproPracticalTest" */ = {
			isa = XCConfigurationList;
			buildConfigurations = (
				D4859F9E2ADCFFB70021DB6A /* Debug */,
				D4859F9F2ADCFFB70021DB6A /* Release */,
			);
			defaultConfigurationIsVisible = 0;
			defaultConfigurationName = Release;
		};
		D4859FA02ADCFFB70021DB6A /* Build configuration list for PBXNativeTarget "WiproPracticalTestTests" */ = {
			isa = XCConfigurationList;
			buildConfigurations = (
				D4859FA12ADCFFB70021DB6A /* Debug */,
				D4859FA22ADCFFB70021DB6A /* Release */,
			);
			defaultConfigurationIsVisible = 0;
			defaultConfigurationName = Release;
		};
		D4859FA32ADCFFB70021DB6A /* Build configuration list for PBXNativeTarget "WiproPracticalTestUITests" */ = {
			isa = XCConfigurationList;
			buildConfigurations = (
				D4859FA42ADCFFB70021DB6A /* Debug */,
				D4859FA52ADCFFB70021DB6A /* Release */,
			);
			defaultConfigurationIsVisible = 0;
			defaultConfigurationName = Release;
		};
/* End XCConfigurationList section */

/* Begin XCRemoteSwiftPackageReference section */
		D4859FAD2ADD34030021DB6A /* XCRemoteSwiftPackageReference "Alamofire" */ = {
			isa = XCRemoteSwiftPackageReference;
			repositoryURL = "https://github.com/Alamofire/Alamofire";
			requirement = {
				kind = upToNextMajorVersion;
				minimumVersion = 5.8.0;
			};
		};
		D4859FB02ADD34210021DB6A /* XCRemoteSwiftPackageReference "SDWebImage" */ = {
			isa = XCRemoteSwiftPackageReference;
			repositoryURL = "https://github.com/SDWebImage/SDWebImage";
			requirement = {
				kind = upToNextMajorVersion;
				minimumVersion = 5.18.3;
			};
		};
/* End XCRemoteSwiftPackageReference section */

/* Begin XCSwiftPackageProductDependency section */
		D4859FAE2ADD34030021DB6A /* Alamofire */ = {
			isa = XCSwiftPackageProductDependency;
			package = D4859FAD2ADD34030021DB6A /* XCRemoteSwiftPackageReference "Alamofire" */;
			productName = Alamofire;
		};
		D4859FC62ADD431F0021DB6A /* SDWebImage */ = {
			isa = XCSwiftPackageProductDependency;
			package = D4859FB02ADD34210021DB6A /* XCRemoteSwiftPackageReference "SDWebImage" */;
			productName = SDWebImage;
		};
/* End XCSwiftPackageProductDependency section */
	};
	rootObject = D4859F6B2ADCFFB50021DB6A /* Project object */;
}
